// !$*UTF8*$!
{
	archiveVersion = 1;
	classes = {
	};
	objectVersion = 50;
	objects = {

/* Begin PBXBuildFile section */
		FA24C63C241D9FA000C86FBC /* AppDelegate.swift in Sources */ = {isa = PBXBuildFile; fileRef = FA24C63B241D9FA000C86FBC /* AppDelegate.swift */; };
		FA24C63E241D9FA000C86FBC /* art.scnassets in Resources */ = {isa = PBXBuildFile; fileRef = FA24C63D241D9FA000C86FBC /* art.scnassets */; };
		FA24C640241D9FA000C86FBC /* ViewController.swift in Sources */ = {isa = PBXBuildFile; fileRef = FA24C63F241D9FA000C86FBC /* ViewController.swift */; };
		FA24C643241D9FA000C86FBC /* Main.storyboard in Resources */ = {isa = PBXBuildFile; fileRef = FA24C641241D9FA000C86FBC /* Main.storyboard */; };
		FA24C645241D9FA200C86FBC /* Assets.xcassets in Resources */ = {isa = PBXBuildFile; fileRef = FA24C644241D9FA200C86FBC /* Assets.xcassets */; };
		FA24C648241D9FA200C86FBC /* LaunchScreen.storyboard in Resources */ = {isa = PBXBuildFile; fileRef = FA24C646241D9FA200C86FBC /* LaunchScreen.storyboard */; };
		FA24C650241DA8CE00C86FBC /* Resnet50.mlmodel in Sources */ = {isa = PBXBuildFile; fileRef = FA24C64F241DA8CE00C86FBC /* Resnet50.mlmodel */; };
/* End PBXBuildFile section */

/* Begin PBXFileReference section */
		FA24C638241D9FA000C86FBC /* CoreMLAndARKit.app */ = {isa = PBXFileReference; explicitFileType = wrapper.application; includeInIndex = 0; path = CoreMLAndARKit.app; sourceTree = BUILT_PRODUCTS_DIR; };
		FA24C63B241D9FA000C86FBC /* AppDelegate.swift */ = {isa = PBXFileReference; lastKnownFileType = sourcecode.swift; path = AppDelegate.swift; sourceTree = "<group>"; };
		FA24C63D241D9FA000C86FBC /* art.scnassets */ = {isa = PBXFileReference; lastKnownFileType = wrapper.scnassets; path = art.scnassets; sourceTree = "<group>"; };
		FA24C63F241D9FA000C86FBC /* ViewController.swift */ = {isa = PBXFileReference; lastKnownFileType = sourcecode.swift; path = ViewController.swift; sourceTree = "<group>"; };
		FA24C642241D9FA000C86FBC /* Base */ = {isa = PBXFileReference; lastKnownFileType = file.storyboard; name = Base; path = Base.lproj/Main.storyboard; sourceTree = "<group>"; };
		FA24C644241D9FA200C86FBC /* Assets.xcassets */ = {isa = PBXFileReference; lastKnownFileType = folder.assetcatalog; path = Assets.xcassets; sourceTree = "<group>"; };
		FA24C647241D9FA200C86FBC /* Base */ = {isa = PBXFileReference; lastKnownFileType = file.storyboard; name = Base; path = Base.lproj/LaunchScreen.storyboard; sourceTree = "<group>"; };
		FA24C649241D9FA200C86FBC /* Info.plist */ = {isa = PBXFileReference; lastKnownFileType = text.plist.xml; path = Info.plist; sourceTree = "<group>"; };
		FA24C64F241DA8CE00C86FBC /* Resnet50.mlmodel */ = {isa = PBXFileReference; lastKnownFileType = file.mlmodel; path = Resnet50.mlmodel; sourceTree = "<group>"; };
/* End PBXFileReference section */

/* Begin PBXFrameworksBuildPhase section */
		FA24C635241D9FA000C86FBC /* Frameworks */ = {
			isa = PBXFrameworksBuildPhase;
			buildActionMask = 2147483647;
			files = (
			);
			runOnlyForDeploymentPostprocessing = 0;
		};
/* End PBXFrameworksBuildPhase section */

/* Begin PBXGroup section */
		FA24C62F241D9FA000C86FBC = {
			isa = PBXGroup;
			children = (
				FA24C63A241D9FA000C86FBC /* CoreMLAndARKit */,
				FA24C639241D9FA000C86FBC /* Products */,
			);
			sourceTree = "<group>";
		};
		FA24C639241D9FA000C86FBC /* Products */ = {
			isa = PBXGroup;
			children = (
				FA24C638241D9FA000C86FBC /* CoreMLAndARKit.app */,
			);
			name = Products;
			sourceTree = "<group>";
		};
		FA24C63A241D9FA000C86FBC /* CoreMLAndARKit */ = {
			isa = PBXGroup;
			children = (
				FA24C63B241D9FA000C86FBC /* AppDelegate.swift */,
				FA24C64F241DA8CE00C86FBC /* Resnet50.mlmodel */,
				FA24C63D241D9FA000C86FBC /* art.scnassets */,
				FA24C63F241D9FA000C86FBC /* ViewController.swift */,
				FA24C641241D9FA000C86FBC /* Main.storyboard */,
				FA24C644241D9FA200C86FBC /* Assets.xcassets */,
				FA24C646241D9FA200C86FBC /* LaunchScreen.storyboard */,
				FA24C649241D9FA200C86FBC /* Info.plist */,
			);
			path = CoreMLAndARKit;
			sourceTree = "<group>";
		};
/* End PBXGroup section */

/* Begin PBXNativeTarget section */
		FA24C637241D9FA000C86FBC /* CoreMLAndARKit */ = {
			isa = PBXNativeTarget;
			buildConfigurationList = FA24C64C241D9FA200C86FBC /* Build configuration list for PBXNativeTarget "CoreMLAndARKit" */;
			buildPhases = (
				FA24C634241D9FA000C86FBC /* Sources */,
				FA24C635241D9FA000C86FBC /* Frameworks */,
				FA24C636241D9FA000C86FBC /* Resources */,
			);
			buildRules = (
			);
			dependencies = (
			);
			name = CoreMLAndARKit;
			productName = CoreMLAndARKit;
			productReference = FA24C638241D9FA000C86FBC /* CoreMLAndARKit.app */;
			productType = "com.apple.product-type.application";
		};
/* End PBXNativeTarget section */

/* Begin PBXProject section */
		FA24C630241D9FA000C86FBC /* Project object */ = {
			isa = PBXProject;
			attributes = {
				LastSwiftUpdateCheck = 1130;
				LastUpgradeCheck = 1130;
				ORGANIZATIONNAME = "Konrad Gnat";
				TargetAttributes = {
					FA24C637241D9FA000C86FBC = {
						CreatedOnToolsVersion = 11.3.1;
					};
				};
			};
			buildConfigurationList = FA24C633241D9FA000C86FBC /* Build configuration list for PBXProject "CoreMLAndARKit" */;
			compatibilityVersion = "Xcode 9.3";
			developmentRegion = en;
			hasScannedForEncodings = 0;
			knownRegions = (
				en,
				Base,
			);
			mainGroup = FA24C62F241D9FA000C86FBC;
			productRefGroup = FA24C639241D9FA000C86FBC /* Products */;
			projectDirPath = "";
			projectRoot = "";
			targets = (
				FA24C637241D9FA000C86FBC /* CoreMLAndARKit */,
			);
		};
/* End PBXProject section */

/* Begin PBXResourcesBuildPhase section */
		FA24C636241D9FA000C86FBC /* Resources */ = {
			isa = PBXResourcesBuildPhase;
			buildActionMask = 2147483647;
			files = (
				FA24C63E241D9FA000C86FBC /* art.scnassets in Resources */,
				FA24C648241D9FA200C86FBC /* LaunchScreen.storyboard in Resources */,
				FA24C645241D9FA200C86FBC /* Assets.xcassets in Resources */,
				FA24C643241D9FA000C86FBC /* Main.storyboard in Resources */,
			);
			runOnlyForDeploymentPostprocessing = 0;
		};
/* End PBXResourcesBuildPhase section */

/* Begin PBXSourcesBuildPhase section */
		FA24C634241D9FA000C86FBC /* Sources */ = {
			isa = PBXSourcesBuildPhase;
			buildActionMask = 2147483647;
			files = (
				FA24C640241D9FA000C86FBC /* ViewController.swift in Sources */,
				FA24C650241DA8CE00C86FBC /* Resnet50.mlmodel in Sources */,
				FA24C63C241D9FA000C86FBC /* AppDelegate.swift in Sources */,
			);
			runOnlyForDeploymentPostprocessing = 0;
		};
/* End PBXSourcesBuildPhase section */

/* Begin PBXVariantGroup section */
		FA24C641241D9FA000C86FBC /* Main.storyboard */ = {
			isa = PBXVariantGroup;
			children = (
				FA24C642241D9FA000C86FBC /* Base */,
			);
			name = Main.storyboard;
			sourceTree = "<group>";
		};
		FA24C646241D9FA200C86FBC /* LaunchScreen.storyboard */ = {
			isa = PBXVariantGroup;
			children = (
				FA24C647241D9FA200C86FBC /* Base */,
			);
			name = LaunchScreen.storyboard;
			sourceTree = "<group>";
		};
/* End PBXVariantGroup section */

/* Begin XCBuildConfiguration section */
		FA24C64A241D9FA200C86FBC /* Debug */ = {
			isa = XCBuildConfiguration;
			buildSettings = {
				ALWAYS_SEARCH_USER_PATHS = NO;
				CLANG_ANALYZER_NONNULL = YES;
				CLANG_ANALYZER_NUMBER_OBJECT_CONVERSION = YES_AGGRESSIVE;
				CLANG_CXX_LANGUAGE_STANDARD = "gnu++14";
				CLANG_CXX_LIBRARY = "libc++";
				CLANG_ENABLE_MODULES = YES;
				CLANG_ENABLE_OBJC_ARC = YES;
				CLANG_ENABLE_OBJC_WEAK = YES;
				CLANG_WARN_BLOCK_CAPTURE_AUTORELEASING = YES;
				CLANG_WARN_BOOL_CONVERSION = YES;
				CLANG_WARN_COMMA = YES;
				CLANG_WARN_CONSTANT_CONVERSION = YES;
				CLANG_WARN_DEPRECATED_OBJC_IMPLEMENTATIONS = YES;
				CLANG_WARN_DIRECT_OBJC_ISA_USAGE = YES_ERROR;
				CLANG_WARN_DOCUMENTATION_COMMENTS = YES;
				CLANG_WARN_EMPTY_BODY = YES;
				CLANG_WARN_ENUM_CONVERSION = YES;
				CLANG_WARN_INFINITE_RECURSION = YES;
				CLANG_WARN_INT_CONVERSION = YES;
				CLANG_WARN_NON_LITERAL_NULL_CONVERSION = YES;
				CLANG_WARN_OBJC_IMPLICIT_RETAIN_SELF = YES;
				CLANG_WARN_OBJC_LITERAL_CONVERSION = YES;
				CLANG_WARN_OBJC_ROOT_CLASS = YES_ERROR;
				CLANG_WARN_RANGE_LOOP_ANALYSIS = YES;
				CLANG_WARN_STRICT_PROTOTYPES = YES;
				CLANG_WARN_SUSPICIOUS_MOVE = YES;
				CLANG_WARN_UNGUARDED_AVAILABILITY = YES_AGGRESSIVE;
				CLANG_WARN_UNREACHABLE_CODE = YES;
				CLANG_WARN__DUPLICATE_METHOD_MATCH = YES;
				COPY_PHASE_STRIP = NO;
				DEBUG_INFORMATION_FORMAT = dwarf;
				ENABLE_STRICT_OBJC_MSGSEND = YES;
				ENABLE_TESTABILITY = YES;
				GCC_C_LANGUAGE_STANDARD = gnu11;
				GCC_DYNAMIC_NO_PIC = NO;
				GCC_NO_COMMON_BLOCKS = YES;
				GCC_OPTIMIZATION_LEVEL = 0;
				GCC_PREPROCESSOR_DEFINITIONS = (
					"DEBUG=1",
					"$(inherited)",
				);
				GCC_WARN_64_TO_32_BIT_CONVERSION = YES;
				GCC_WARN_ABOUT_RETURN_TYPE = YES_ERROR;
				GCC_WARN_UNDECLARED_SELECTOR = YES;
				GCC_WARN_UNINITIALIZED_AUTOS = YES_AGGRESSIVE;
				GCC_WARN_UNUSED_FUNCTION = YES;
				GCC_WARN_UNUSED_VARIABLE = YES;
				IPHONEOS_DEPLOYMENT_TARGET = 13.2;
				MTL_ENABLE_DEBUG_INFO = INCLUDE_SOURCE;
				MTL_FAST_MATH = YES;
				ONLY_ACTIVE_ARCH = YES;
				SDKROOT = iphoneos;
				SWIFT_ACTIVE_COMPILATION_CONDITIONS = DEBUG;
				SWIFT_OPTIMIZATION_LEVEL = "-Onone";
			};
			name = Debug;
		};
		FA24C64B241D9FA200C86FBC /* Release */ = {
			isa = XCBuildConfiguration;
			buildSettings = {
				ALWAYS_SEARCH_USER_PATHS = NO;
				CLANG_ANALYZER_NONNULL = YES;
				CLANG_ANALYZER_NUMBER_OBJECT_CONVERSION = YES_AGGRESSIVE;
				CLANG_CXX_LANGUAGE_STANDARD = "gnu++14";
				CLANG_CXX_LIBRARY = "libc++";
				CLANG_ENABLE_MODULES = YES;
				CLANG_ENABLE_OBJC_ARC = YES;
				CLANG_ENABLE_OBJC_WEAK = YES;
				CLANG_WARN_BLOCK_CAPTURE_AUTORELEASING = YES;
				CLANG_WARN_BOOL_CONVERSION = YES;
				CLANG_WARN_COMMA = YES;
				CLANG_WARN_CONSTANT_CONVERSION = YES;
				CLANG_WARN_DEPRECATED_OBJC_IMPLEMENTATIONS = YES;
				CLANG_WARN_DIRECT_OBJC_ISA_USAGE = YES_ERROR;
				CLANG_WARN_DOCUMENTATION_COMMENTS = YES;
				CLANG_WARN_EMPTY_BODY = YES;
				CLANG_WARN_ENUM_CONVERSION = YES;
				CLANG_WARN_INFINITE_RECURSION = YES;
				CLANG_WARN_INT_CONVERSION = YES;
				CLANG_WARN_NON_LITERAL_NULL_CONVERSION = YES;
				CLANG_WARN_OBJC_IMPLICIT_RETAIN_SELF = YES;
				CLANG_WARN_OBJC_LITERAL_CONVERSION = YES;
				CLANG_WARN_OBJC_ROOT_CLASS = YES_ERROR;
				CLANG_WARN_RANGE_LOOP_ANALYSIS = YES;
				CLANG_WARN_STRICT_PROTOTYPES = YES;
				CLANG_WARN_SUSPICIOUS_MOVE = YES;
				CLANG_WARN_UNGUARDED_AVAILABILITY = YES_AGGRESSIVE;
				CLANG_WARN_UNREACHABLE_CODE = YES;
				CLANG_WARN__DUPLICATE_METHOD_MATCH = YES;
				COPY_PHASE_STRIP = NO;
				DEBUG_INFORMATION_FORMAT = "dwarf-with-dsym";
				ENABLE_NS_ASSERTIONS = NO;
				ENABLE_STRICT_OBJC_MSGSEND = YES;
				GCC_C_LANGUAGE_STANDARD = gnu11;
				GCC_NO_COMMON_BLOCKS = YES;
				GCC_WARN_64_TO_32_BIT_CONVERSION = YES;
				GCC_WARN_ABOUT_RETURN_TYPE = YES_ERROR;
				GCC_WARN_UNDECLARED_SELECTOR = YES;
				GCC_WARN_UNINITIALIZED_AUTOS = YES_AGGRESSIVE;
				GCC_WARN_UNUSED_FUNCTION = YES;
				GCC_WARN_UNUSED_VARIABLE = YES;
				IPHONEOS_DEPLOYMENT_TARGET = 13.2;
				MTL_ENABLE_DEBUG_INFO = NO;
				MTL_FAST_MATH = YES;
				SDKROOT = iphoneos;
				SWIFT_COMPILATION_MODE = wholemodule;
				SWIFT_OPTIMIZATION_LEVEL = "-O";
				VALIDATE_PRODUCT = YES;
			};
			name = Release;
		};
		FA24C64D241D9FA200C86FBC /* Debug */ = {
			isa = XCBuildConfiguration;
			buildSettings = {
				ASSETCATALOG_COMPILER_APPICON_NAME = AppIcon;
				CODE_SIGN_STYLE = Automatic;
				DEVELOPMENT_TEAM = GA978N825M;
				INFOPLIST_FILE = CoreMLAndARKit/Info.plist;
				LD_RUNPATH_SEARCH_PATHS = (
					"$(inherited)",
					"@executable_path/Frameworks",
				);
				PRODUCT_BUNDLE_IDENTIFIER = com.konradgnat.CoreMLAndARKit;
				PRODUCT_NAME = "$(TARGET_NAME)";
				SWIFT_VERSION = 5.0;
				TARGETED_DEVICE_FAMILY = "1,2";
			};
			name = Debug;
		};
		FA24C64E241D9FA200C86FBC /* Release */ = {
			isa = XCBuildConfiguration;
			buildSettings = {
				ASSETCATALOG_COMPILER_APPICON_NAME = AppIcon;
				CODE_SIGN_STYLE = Automatic;
				DEVELOPMENT_TEAM = GA978N825M;
				INFOPLIST_FILE = CoreMLAndARKit/Info.plist;
				LD_RUNPATH_SEARCH_PATHS = (
					"$(inherited)",
					"@executable_path/Frameworks",
				);
				PRODUCT_BUNDLE_IDENTIFIER = com.konradgnat.CoreMLAndARKit;
				PRODUCT_NAME = "$(TARGET_NAME)";
				SWIFT_VERSION = 5.0;
				TARGETED_DEVICE_FAMILY = "1,2";
			};
			name = Release;
		};
/* End XCBuildConfiguration section */

/* Begin XCConfigurationList section */
		FA24C633241D9FA000C86FBC /* Build configuration list for PBXProject "CoreMLAndARKit" */ = {
			isa = XCConfigurationList;
			buildConfigurations = (
				FA24C64A241D9FA200C86FBC /* Debug */,
				FA24C64B241D9FA200C86FBC /* Release */,
			);
			defaultConfigurationIsVisible = 0;
			defaultConfigurationName = Release;
		};
		FA24C64C241D9FA200C86FBC /* Build configuration list for PBXNativeTarget "CoreMLAndARKit" */ = {
			isa = XCConfigurationList;
			buildConfigurations = (
				FA24C64D241D9FA200C86FBC /* Debug */,
				FA24C64E241D9FA200C86FBC /* Release */,
			);
			defaultConfigurationIsVisible = 0;
			defaultConfigurationName = Release;
		};
/* End XCConfigurationList section */
	};
	rootObject = FA24C630241D9FA000C86FBC /* Project object */;
}
